
Microsoft Visual Studio Solution File, Format Version 12.00
# Visual Studio Version 16
VisualStudioVersion = 16.0.31911.196
MinimumVisualStudioVersion = 10.0.40219.1
Project("{FAE04EC0-301F-11D3-BF4B-00C04F79EFBC}") = "GlobalExceptionHandling.WebAPI", "GlobalExceptionHandling.WebAPI\GlobalExceptionHandling.WebAPI.csproj", "{9322E4C2-D257-4534-BDB6-F8A7AA8B299E}"
EndProject
Global
	GlobalSection(SolutionConfigurationPlatforms) = preSolution
		Debug|Any CPU = Debug|Any CPU
		Release|Any CPU = Release|Any CPU
	EndGlobalSection
	GlobalSection(ProjectConfigurationPlatforms) = postSolution
		{9322E4C2-D257-4534-BDB6-F8A7AA8B299E}.Debug|Any CPU.ActiveCfg = Debug|Any CPU
		{9322E4C2-D257-4534-BDB6-F8A7AA8B299E}.Debug|Any CPU.Build.0 = Debug|Any CPU
		{9322E4C2-D257-4534-BDB6-F8A7AA8B299E}.Release|Any CPU.ActiveCfg = Release|Any CPU
		{9322E4C2-D257-4534-BDB6-F8A7AA8B299E}.Release|Any CPU.Build.0 = Release|Any CPU
	EndGlobalSection
	GlobalSection(SolutionProperties) = preSolution
		HideSolutionNode = FALSE
	EndGlobalSection
	GlobalSection(ExtensibilityGlobals) = postSolution
		SolutionGuid = {440B82C7-FA8A-453D-8E82-E9B0F4DE6911}
	EndGlobalSection
EndGlobal
